
Microsoft Visual Studio Solution File, Format Version 12.00
# Visual Studio Version 16
VisualStudioVersion = 16.0.29209.62
MinimumVisualStudioVersion = 10.0.40219.1
Project("{FAE04EC0-301F-11D3-BF4B-00C04F79EFBC}") = "OpenProtest", "OpenProtest\OpenProtest.csproj", "{12FED691-8C9F-4844-B06E-9365568E32CB}"
EndProject
Global
	GlobalSection(SolutionConfigurationPlatforms) = preSolution
		Debug|Any CPU = Debug|Any CPU
		Release|Any CPU = Release|Any CPU
	EndGlobalSection
	GlobalSection(ProjectConfigurationPlatforms) = postSolution
		{12FED691-8C9F-4844-B06E-9365568E32CB}.Debug|Any CPU.ActiveCfg = Debug|Any CPU
		{12FED691-8C9F-4844-B06E-9365568E32CB}.Debug|Any CPU.Build.0 = Debug|Any CPU
		{12FED691-8C9F-4844-B06E-9365568E32CB}.Release|Any CPU.ActiveCfg = Release|Any CPU
		{12FED691-8C9F-4844-B06E-9365568E32CB}.Release|Any CPU.Build.0 = Release|Any CPU
	EndGlobalSection
	GlobalSection(SolutionProperties) = preSolution
		HideSolutionNode = FALSE
	EndGlobalSection
	GlobalSection(ExtensibilityGlobals) = postSolution
		SolutionGuid = {BD1AE360-BA74-41FF-8FC0-1B28BCBF0E47}
	EndGlobalSection
EndGlobal
