<Solution>
  <Configurations>
    <Platform Name="Any CPU" />
    <Platform Name="x64" />
  </Configurations>
  <Project Path="Protest-CacheGenerator/Protest-CacheGenerator.csproj" />
  <Project Path="Protest-MacLookupGenerator/Protest-MacLookupGenerator.csproj" />
  <Project Path="Protest-Tests/Protest-Tests.csproj">
    <Platform Project="x64" />
  </Project>
  <Project Path="Protest/Protest.csproj">
    <Platform Project="x64" />
  </Project>
</Solution>
